
Microsoft Visual Studio Solution File, Format Version 12.00
# Visual Studio 15
VisualStudioVersion = 15.0.27004.2008
MinimumVisualStudioVersion = 10.0.40219.1
Project("{FAE04EC0-301F-11D3-BF4B-00C04F79EFBC}") = "Exercise03", "Exercise03\Exercise03.csproj", "{31790713-052E-4173-A133-551A735D6FCA}"
EndProject
Project("{FAE04EC0-301F-11D3-BF4B-00C04F79EFBC}") = "Exercise01", "Exercise01\Exercise01.csproj", "{DC894D18-E8D6-454E-A899-EB70AC303134}"
EndProject
Project("{FAE04EC0-301F-11D3-BF4B-00C04F79EFBC}") = "Exercise02", "Exercise02\Exercise02.csproj", "{FC34E5C5-228F-4E79-9E37-DAE26770487D}"
EndProject
Project("{FAE04EC0-301F-11D3-BF4B-00C04F79EFBC}") = "Exercise05", "Exercise05\Exercise05.csproj", "{51BF67DD-EDD2-4851-BF5A-A710E2D4FC6C}"
EndProject
Project("{FAE04EC0-301F-11D3-BF4B-00C04F79EFBC}") = "Exercise04", "Exercise04\Exercise04.csproj", "{878A9129-D43B-4E26-B35D-59E3C717CC58}"
EndProject
Project("{FAE04EC0-301F-11D3-BF4B-00C04F79EFBC}") = "Exercise06+07", "Exercise06_07\Exercise06+07.csproj", "{4321717E-CC12-4F9B-9AFB-D62DC48BB79B}"
EndProject
Project("{FAE04EC0-301F-11D3-BF4B-00C04F79EFBC}") = "Exercise08", "Exercise08\Exercise08.csproj", "{70080DF2-9B80-42D3-AAFB-6DC891019ACC}"
EndProject
Project("{FAE04EC0-301F-11D3-BF4B-00C04F79EFBC}") = "Exercise09", "Exercise09\Exercise09.csproj", "{C15D49EE-DD4C-4735-9656-5A184015B2D2}"
EndProject
Project("{FAE04EC0-301F-11D3-BF4B-00C04F79EFBC}") = "Exercise12", "Exercise12\Exercise12.csproj", "{F57123A7-355C-4CB9-A91B-DEDD45A48828}"
EndProject
Global
	GlobalSection(SolutionConfigurationPlatforms) = preSolution
		Debug|Any CPU = Debug|Any CPU
		Release|Any CPU = Release|Any CPU
	EndGlobalSection
	GlobalSection(ProjectConfigurationPlatforms) = postSolution
		{31790713-052E-4173-A133-551A735D6FCA}.Debug|Any CPU.ActiveCfg = Debug|Any CPU
		{31790713-052E-4173-A133-551A735D6FCA}.Debug|Any CPU.Build.0 = Debug|Any CPU
		{31790713-052E-4173-A133-551A735D6FCA}.Debug|Any CPU.Deploy.0 = Debug|Any CPU
		{31790713-052E-4173-A133-551A735D6FCA}.Release|Any CPU.ActiveCfg = Release|Any CPU
		{31790713-052E-4173-A133-551A735D6FCA}.Release|Any CPU.Build.0 = Release|Any CPU
		{31790713-052E-4173-A133-551A735D6FCA}.Release|Any CPU.Deploy.0 = Release|Any CPU
		{DC894D18-E8D6-454E-A899-EB70AC303134}.Debug|Any CPU.ActiveCfg = Debug|Any CPU
		{DC894D18-E8D6-454E-A899-EB70AC303134}.Debug|Any CPU.Build.0 = Debug|Any CPU
		{DC894D18-E8D6-454E-A899-EB70AC303134}.Debug|Any CPU.Deploy.0 = Debug|Any CPU
		{DC894D18-E8D6-454E-A899-EB70AC303134}.Release|Any CPU.ActiveCfg = Release|Any CPU
		{DC894D18-E8D6-454E-A899-EB70AC303134}.Release|Any CPU.Build.0 = Release|Any CPU
		{DC894D18-E8D6-454E-A899-EB70AC303134}.Release|Any CPU.Deploy.0 = Release|Any CPU
		{FC34E5C5-228F-4E79-9E37-DAE26770487D}.Debug|Any CPU.ActiveCfg = Debug|Any CPU
		{FC34E5C5-228F-4E79-9E37-DAE26770487D}.Debug|Any CPU.Build.0 = Debug|Any CPU
		{FC34E5C5-228F-4E79-9E37-DAE26770487D}.Debug|Any CPU.Deploy.0 = Debug|Any CPU
		{FC34E5C5-228F-4E79-9E37-DAE26770487D}.Release|Any CPU.ActiveCfg = Release|Any CPU
		{FC34E5C5-228F-4E79-9E37-DAE26770487D}.Release|Any CPU.Build.0 = Release|Any CPU
		{FC34E5C5-228F-4E79-9E37-DAE26770487D}.Release|Any CPU.Deploy.0 = Release|Any CPU
		{51BF67DD-EDD2-4851-BF5A-A710E2D4FC6C}.Debug|Any CPU.ActiveCfg = Debug|Any CPU
		{51BF67DD-EDD2-4851-BF5A-A710E2D4FC6C}.Debug|Any CPU.Build.0 = Debug|Any CPU
		{51BF67DD-EDD2-4851-BF5A-A710E2D4FC6C}.Debug|Any CPU.Deploy.0 = Debug|Any CPU
		{51BF67DD-EDD2-4851-BF5A-A710E2D4FC6C}.Release|Any CPU.ActiveCfg = Release|Any CPU
		{51BF67DD-EDD2-4851-BF5A-A710E2D4FC6C}.Release|Any CPU.Build.0 = Release|Any CPU
		{51BF67DD-EDD2-4851-BF5A-A710E2D4FC6C}.Release|Any CPU.Deploy.0 = Release|Any CPU
		{878A9129-D43B-4E26-B35D-59E3C717CC58}.Debug|Any CPU.ActiveCfg = Debug|Any CPU
		{878A9129-D43B-4E26-B35D-59E3C717CC58}.Debug|Any CPU.Build.0 = Debug|Any CPU
		{878A9129-D43B-4E26-B35D-59E3C717CC58}.Debug|Any CPU.Deploy.0 = Debug|Any CPU
		{878A9129-D43B-4E26-B35D-59E3C717CC58}.Release|Any CPU.ActiveCfg = Release|Any CPU
		{878A9129-D43B-4E26-B35D-59E3C717CC58}.Release|Any CPU.Build.0 = Release|Any CPU
		{878A9129-D43B-4E26-B35D-59E3C717CC58}.Release|Any CPU.Deploy.0 = Release|Any CPU
		{4321717E-CC12-4F9B-9AFB-D62DC48BB79B}.Debug|Any CPU.ActiveCfg = Debug|Any CPU
		{4321717E-CC12-4F9B-9AFB-D62DC48BB79B}.Debug|Any CPU.Build.0 = Debug|Any CPU
		{4321717E-CC12-4F9B-9AFB-D62DC48BB79B}.Debug|Any CPU.Deploy.0 = Debug|Any CPU
		{4321717E-CC12-4F9B-9AFB-D62DC48BB79B}.Release|Any CPU.ActiveCfg = Release|Any CPU
		{4321717E-CC12-4F9B-9AFB-D62DC48BB79B}.Release|Any CPU.Build.0 = Release|Any CPU
		{4321717E-CC12-4F9B-9AFB-D62DC48BB79B}.Release|Any CPU.Deploy.0 = Release|Any CPU
		{70080DF2-9B80-42D3-AAFB-6DC891019ACC}.Debug|Any CPU.ActiveCfg = Debug|Any CPU
		{70080DF2-9B80-42D3-AAFB-6DC891019ACC}.Debug|Any CPU.Build.0 = Debug|Any CPU
		{70080DF2-9B80-42D3-AAFB-6DC891019ACC}.Debug|Any CPU.Deploy.0 = Debug|Any CPU
		{70080DF2-9B80-42D3-AAFB-6DC891019ACC}.Release|Any CPU.ActiveCfg = Release|Any CPU
		{70080DF2-9B80-42D3-AAFB-6DC891019ACC}.Release|Any CPU.Build.0 = Release|Any CPU
		{70080DF2-9B80-42D3-AAFB-6DC891019ACC}.Release|Any CPU.Deploy.0 = Release|Any CPU
		{C15D49EE-DD4C-4735-9656-5A184015B2D2}.Debug|Any CPU.ActiveCfg = Debug|Any CPU
		{C15D49EE-DD4C-4735-9656-5A184015B2D2}.Debug|Any CPU.Build.0 = Debug|Any CPU
		{C15D49EE-DD4C-4735-9656-5A184015B2D2}.Debug|Any CPU.Deploy.0 = Debug|Any CPU
		{C15D49EE-DD4C-4735-9656-5A184015B2D2}.Release|Any CPU.ActiveCfg = Release|Any CPU
		{C15D49EE-DD4C-4735-9656-5A184015B2D2}.Release|Any CPU.Build.0 = Release|Any CPU
		{C15D49EE-DD4C-4735-9656-5A184015B2D2}.Release|Any CPU.Deploy.0 = Release|Any CPU
		{F57123A7-355C-4CB9-A91B-DEDD45A48828}.Debug|Any CPU.ActiveCfg = Debug|Any CPU
		{F57123A7-355C-4CB9-A91B-DEDD45A48828}.Debug|Any CPU.Build.0 = Debug|Any CPU
		{F57123A7-355C-4CB9-A91B-DEDD45A48828}.Debug|Any CPU.Deploy.0 = Debug|Any CPU
		{F57123A7-355C-4CB9-A91B-DEDD45A48828}.Release|Any CPU.ActiveCfg = Release|Any CPU
		{F57123A7-355C-4CB9-A91B-DEDD45A48828}.Release|Any CPU.Build.0 = Release|Any CPU
		{F57123A7-355C-4CB9-A91B-DEDD45A48828}.Release|Any CPU.Deploy.0 = Release|Any CPU
	EndGlobalSection
	GlobalSection(SolutionProperties) = preSolution
		HideSolutionNode = FALSE
	EndGlobalSection
	GlobalSection(ExtensibilityGlobals) = postSolution
		    SolutionGuid = {3D9C3D0F-E105-469D-BC88-2FB6AA970F2E}
		SolutionGuid = {CF678E4E-6890-4C91-8A96-B6877C0AF15A}
	EndGlobalSection
EndGlobal
