
Microsoft Visual Studio Solution File, Format Version 12.00
# Visual Studio 15
VisualStudioVersion = 15.0.27004.2008
MinimumVisualStudioVersion = 10.0.40219.1
Project("{FAE04EC0-301F-11D3-BF4B-00C04F79EFBC}") = "Exercise08", "Exercise08\Exercise08.csproj", "{70080DF2-9B80-42D3-AAFB-6DC891019ACC}"
EndProject
Global
	GlobalSection(SolutionConfigurationPlatforms) = preSolution
		Debug|Any CPU = Debug|Any CPU
		Release|Any CPU = Release|Any CPU
	EndGlobalSection
	GlobalSection(ProjectConfigurationPlatforms) = postSolution
		{70080DF2-9B80-42D3-AAFB-6DC891019ACC}.Debug|Any CPU.ActiveCfg = Debug|Any CPU
		{70080DF2-9B80-42D3-AAFB-6DC891019ACC}.Debug|Any CPU.Build.0 = Debug|Any CPU
		{70080DF2-9B80-42D3-AAFB-6DC891019ACC}.Debug|Any CPU.Deploy.0 = Debug|Any CPU
		{70080DF2-9B80-42D3-AAFB-6DC891019ACC}.Release|Any CPU.ActiveCfg = Release|Any CPU
		{70080DF2-9B80-42D3-AAFB-6DC891019ACC}.Release|Any CPU.Build.0 = Release|Any CPU
		{70080DF2-9B80-42D3-AAFB-6DC891019ACC}.Release|Any CPU.Deploy.0 = Release|Any CPU
	EndGlobalSection
	GlobalSection(SolutionProperties) = preSolution
		HideSolutionNode = FALSE
	EndGlobalSection
	GlobalSection(ExtensibilityGlobals) = postSolution
		SolutionGuid = {7EB077EB-BCB6-47B7-AC05-E0637B6D5CB1}
	EndGlobalSection
EndGlobal
